<?xml version="1.0" encoding="utf-8"?>
<Project ToolsVersion="4.0" xmlns="http://schemas.microsoft.com/developer/msbuild/2003">
  <ItemGroup>
    <ClCompile Include="main.c" />
    <ClCompile Include="source\game.c">
      <Filter>Source</Filter>
    </ClCompile>
    <ClCompile Include="source\Scene.c">
      <Filter>Source</Filter>
    </ClCompile>
    <ClCompile Include="source\RenderManager.c">
      <Filter>Source</Filter>
    </ClCompile>
    <ClCompile Include="source\GameObjectManager.c">
      <Filter>Source</Filter>
    </ClCompile>
    <ClCompile Include="source\LevelEditor.c">
      <Filter>Source</Filter>
    </ClCompile>
    <ClCompile Include="source\CollisionManager.c">
      <Filter>Source</Filter>
    </ClCompile>
    <ClCompile Include="source\LinkedList.c">
      <Filter>Source</Filter>
    </ClCompile>
    <ClCompile Include="source\FileParser.c">
      <Filter>Source</Filter>
    </ClCompile>
    <ClCompile Include="source\SceneManager.c">
      <Filter>Source</Filter>
    </ClCompile>
    <ClCompile Include="source\game2.c">
      <Filter>Source</Filter>
    </ClCompile>
    <ClCompile Include="source\Marcus.c">
      <Filter>Scenes</Filter>
    </ClCompile>
    <ClCompile Include="source\HongYu.c">
      <Filter>Scenes</Filter>
    </ClCompile>
    <ClCompile Include="source\Adrian.c">
      <Filter>Scenes</Filter>
    </ClCompile>
    <ClCompile Include="source\Weiyi.c">
      <Filter>Scenes</Filter>
    </ClCompile>
    <ClCompile Include="source\Xinyun.c">
      <Filter>Scenes</Filter>
    </ClCompile>
    <ClCompile Include="source\MatrixStack.c">
      <Filter>Source</Filter>
    </ClCompile>
  </ItemGroup>
  <ItemGroup>
    <Filter Include="Source">
      <UniqueIdentifier>{743b86c5-7816-4a00-afc9-a28a0c55af10}</UniqueIdentifier>
    </Filter>
    <Filter Include="Header">
      <UniqueIdentifier>{a6768da8-5649-4a8d-bc42-62e58e37be36}</UniqueIdentifier>
    </Filter>
    <Filter Include="Scenes">
      <UniqueIdentifier>{45e0f046-1696-4933-9ab8-83f2d30c31e8}</UniqueIdentifier>
    </Filter>
  </ItemGroup>
  <ItemGroup>
    <ClInclude Include="source\Scene.h">
      <Filter>Header</Filter>
    </ClInclude>
    <ClInclude Include="source\GameObject.h">
      <Filter>Header</Filter>
    </ClInclude>
    <ClInclude Include="source\RenderManager.h">
      <Filter>Header</Filter>
    </ClInclude>
    <ClInclude Include="source\GameObjectManager.h">
      <Filter>Header</Filter>
    </ClInclude>
    <ClInclude Include="source\LevelEditor.h">
      <Filter>Header</Filter>
    </ClInclude>
    <ClInclude Include="source\CollisionManager.h">
      <Filter>Header</Filter>
    </ClInclude>
    <ClInclude Include="source\LinkedList.h">
      <Filter>Header</Filter>
    </ClInclude>
    <ClInclude Include="source\FileParser.h">
      <Filter>Header</Filter>
    </ClInclude>
    <ClInclude Include="source\SceneManager.h">
      <Filter>Header</Filter>
    </ClInclude>
    <ClInclude Include="source\Helpers.h">
      <Filter>Header</Filter>
    </ClInclude>
    <ClInclude Include="Player.h">
      <Filter>Header</Filter>
    </ClInclude>
    <ClInclude Include="source\MatrixStack.h">
      <Filter>Header</Filter>
    </ClInclude>
  </ItemGroup>
</Project>