<?xml version="1.0" encoding="utf-8"?>
<Project ToolsVersion="4.0" xmlns="http://schemas.microsoft.com/developer/msbuild/2003">
  <ItemGroup>
    <ClCompile Include="main.c" />
    <ClCompile Include="source\game.c">
      <Filter>Source</Filter>
    </ClCompile>
    <ClCompile Include="source\Scene.c">
      <Filter>Source</Filter>
    </ClCompile>
    <ClCompile Include="source\LevelEditor.c">
      <Filter>Source</Filter>
    </ClCompile>
    <ClCompile Include="source\LinkedList.c">
      <Filter>Source</Filter>
    </ClCompile>
    <ClCompile Include="source\FileParser.c">
      <Filter>Source</Filter>
    </ClCompile>
    <ClCompile Include="source\game2.c">
      <Filter>Source</Filter>
    </ClCompile>
    <ClCompile Include="source\Marcus.c">
      <Filter>Scenes</Filter>
    </ClCompile>
    <ClCompile Include="source\HongYu.c">
      <Filter>Scenes</Filter>
    </ClCompile>
    <ClCompile Include="source\Adrian.c">
      <Filter>Scenes</Filter>
    </ClCompile>
    <ClCompile Include="source\Weiyi.c">
      <Filter>Scenes</Filter>
    </ClCompile>
    <ClCompile Include="source\Xinyun.c">
      <Filter>Scenes</Filter>
    </ClCompile>
    <ClCompile Include="source\MatrixStack.c">
      <Filter>Source</Filter>
    </ClCompile>
    <ClCompile Include="source\LevelEditorScene.c">
      <Filter>Scenes</Filter>
    </ClCompile>
    <ClCompile Include="source\LevelOne.c">
      <Filter>Scenes</Filter>
    </ClCompile>
    <ClCompile Include="source\Loader.c">
      <Filter>Source</Filter>
    </ClCompile>
    <ClCompile Include="source\Player.c">
      <Filter>Source</Filter>
    </ClCompile>
    <ClCompile Include="source\AStar.c">
      <Filter>Source</Filter>
    </ClCompile>
    <ClCompile Include="source\CollisionManager.c">
      <Filter>Systems</Filter>
    </ClCompile>
    <ClCompile Include="source\AnimationManager.c">
      <Filter>Systems</Filter>
    </ClCompile>
    <ClCompile Include="source\GameObjectManager.c">
      <Filter>Systems</Filter>
    </ClCompile>
    <ClCompile Include="source\RenderManager.c">
      <Filter>Systems</Filter>
    </ClCompile>
    <ClCompile Include="source\SceneManager.c">
      <Filter>Systems</Filter>
    </ClCompile>
    <ClCompile Include="source\SystemManager.c">
      <Filter>Systems</Filter>
    </ClCompile>
    <ClCompile Include="source\FSM.c">
      <Filter>Source</Filter>
    </ClCompile>
    <ClCompile Include="source\Dialogue.c">
      <Filter>Source</Filter>
    </ClCompile>
    <ClCompile Include="source\Objective_Fixboat.c">
      <Filter>Minigames</Filter>
    </ClCompile>
    <ClCompile Include="source\Objective_Connect.cpp">
      <Filter>Minigames</Filter>
    </ClCompile>
  </ItemGroup>
  <ItemGroup>
    <Filter Include="Source">
      <UniqueIdentifier>{743b86c5-7816-4a00-afc9-a28a0c55af10}</UniqueIdentifier>
    </Filter>
    <Filter Include="Header">
      <UniqueIdentifier>{a6768da8-5649-4a8d-bc42-62e58e37be36}</UniqueIdentifier>
    </Filter>
    <Filter Include="Scenes">
      <UniqueIdentifier>{45e0f046-1696-4933-9ab8-83f2d30c31e8}</UniqueIdentifier>
    </Filter>
    <Filter Include="Systems">
      <UniqueIdentifier>{99fbe406-b99e-4999-b04c-ee1cd13eb770}</UniqueIdentifier>
    </Filter>
    <Filter Include="Minigames">
      <UniqueIdentifier>{3114354f-467c-4fd2-9ac9-c4818d5ee526}</UniqueIdentifier>
    </Filter>
  </ItemGroup>
  <ItemGroup>
    <ClInclude Include="source\Scene.h">
      <Filter>Header</Filter>
    </ClInclude>
    <ClInclude Include="source\LevelEditor.h">
      <Filter>Header</Filter>
    </ClInclude>
    <ClInclude Include="source\LinkedList.h">
      <Filter>Header</Filter>
    </ClInclude>
    <ClInclude Include="source\FileParser.h">
      <Filter>Header</Filter>
    </ClInclude>
    <ClInclude Include="source\Helpers.h">
      <Filter>Header</Filter>
    </ClInclude>
    <ClInclude Include="source\MatrixStack.h">
      <Filter>Header</Filter>
    </ClInclude>
    <ClInclude Include="source\Colors.h">
      <Filter>Header</Filter>
    </ClInclude>
    <ClInclude Include="source\Loader.h">
      <Filter>Header</Filter>
    </ClInclude>
    <ClInclude Include="source\Player.h">
      <Filter>Header</Filter>
    </ClInclude>
    <ClInclude Include="source\AnimationManager.h">
      <Filter>Systems</Filter>
    </ClInclude>
    <ClInclude Include="source\CollisionManager.h">
      <Filter>Systems</Filter>
    </ClInclude>
    <ClInclude Include="source\GameObjectManager.h">
      <Filter>Systems</Filter>
    </ClInclude>
    <ClInclude Include="source\RenderManager.h">
      <Filter>Systems</Filter>
    </ClInclude>
    <ClInclude Include="source\SceneManager.h">
      <Filter>Systems</Filter>
    </ClInclude>
    <ClInclude Include="source\SystemManager.h">
      <Filter>Systems</Filter>
    </ClInclude>
    <ClInclude Include="source\GameObject.h">
      <Filter>Systems</Filter>
    </ClInclude>
    <ClInclude Include="source\FSM.h">
      <Filter>Header</Filter>
    </ClInclude>
    <ClInclude Include="source\AStar.h">
      <Filter>Header</Filter>
    </ClInclude>
    <ClInclude Include="source\Dialogue.h">
      <Filter>Header</Filter>
    </ClInclude>
    <ClInclude Include="source\Objective_Fixboat.h">
      <Filter>Minigames</Filter>
    </ClInclude>
    <ClInclude Include="source\Objective_Connect.h">
      <Filter>Minigames</Filter>
    </ClInclude>
  </ItemGroup>
</Project>